
Microsoft Visual Studio Solution File, Format Version 12.00
# Visual Studio Version 16
VisualStudioVersion = 16.0.30406.217
MinimumVisualStudioVersion = 10.0.40219.1
Project("{8BC9CEB8-8B4A-11D0-8D11-00A0C91BC942}") = "Discussion 05", "Discussion 05.vcxproj", "{A5D79AF5-2FA4-4EFF-8E66-4CF8EAB12A2B}"
EndProject
Global
	GlobalSection(SolutionConfigurationPlatforms) = preSolution
		Debug|x64 = Debug|x64
		Debug|x86 = Debug|x86
		Release|x64 = Release|x64
		Release|x86 = Release|x86
	EndGlobalSection
	GlobalSection(ProjectConfigurationPlatforms) = postSolution
		{A5D79AF5-2FA4-4EFF-8E66-4CF8EAB12A2B}.Debug|x64.ActiveCfg = Debug|x64
		{A5D79AF5-2FA4-4EFF-8E66-4CF8EAB12A2B}.Debug|x64.Build.0 = Debug|x64
		{A5D79AF5-2FA4-4EFF-8E66-4CF8EAB12A2B}.Debug|x86.ActiveCfg = Debug|Win32
		{A5D79AF5-2FA4-4EFF-8E66-4CF8EAB12A2B}.Debug|x86.Build.0 = Debug|Win32
		{A5D79AF5-2FA4-4EFF-8E66-4CF8EAB12A2B}.Release|x64.ActiveCfg = Release|x64
		{A5D79AF5-2FA4-4EFF-8E66-4CF8EAB12A2B}.Release|x64.Build.0 = Release|x64
		{A5D79AF5-2FA4-4EFF-8E66-4CF8EAB12A2B}.Release|x86.ActiveCfg = Release|Win32
		{A5D79AF5-2FA4-4EFF-8E66-4CF8EAB12A2B}.Release|x86.Build.0 = Release|Win32
	EndGlobalSection
	GlobalSection(SolutionProperties) = preSolution
		HideSolutionNode = FALSE
	EndGlobalSection
	GlobalSection(ExtensibilityGlobals) = postSolution
		SolutionGuid = {EC0D5FCE-D0FE-4CD6-9FF4-0E56263772DC}
	EndGlobalSection
EndGlobal
