
Microsoft Visual Studio Solution File, Format Version 12.00
# Visual Studio Version 16
VisualStudioVersion = 16.0.30406.217
MinimumVisualStudioVersion = 10.0.40219.1
Project("{8BC9CEB8-8B4A-11D0-8D11-00A0C91BC942}") = "09 Participation", "09 Participation.vcxproj", "{CDC34DA4-3E4C-452A-893E-3F8F301AB4BA}"
EndProject
Global
	GlobalSection(SolutionConfigurationPlatforms) = preSolution
		Debug|x64 = Debug|x64
		Debug|x86 = Debug|x86
		Release|x64 = Release|x64
		Release|x86 = Release|x86
	EndGlobalSection
	GlobalSection(ProjectConfigurationPlatforms) = postSolution
		{CDC34DA4-3E4C-452A-893E-3F8F301AB4BA}.Debug|x64.ActiveCfg = Debug|x64
		{CDC34DA4-3E4C-452A-893E-3F8F301AB4BA}.Debug|x64.Build.0 = Debug|x64
		{CDC34DA4-3E4C-452A-893E-3F8F301AB4BA}.Debug|x86.ActiveCfg = Debug|Win32
		{CDC34DA4-3E4C-452A-893E-3F8F301AB4BA}.Debug|x86.Build.0 = Debug|Win32
		{CDC34DA4-3E4C-452A-893E-3F8F301AB4BA}.Release|x64.ActiveCfg = Release|x64
		{CDC34DA4-3E4C-452A-893E-3F8F301AB4BA}.Release|x64.Build.0 = Release|x64
		{CDC34DA4-3E4C-452A-893E-3F8F301AB4BA}.Release|x86.ActiveCfg = Release|Win32
		{CDC34DA4-3E4C-452A-893E-3F8F301AB4BA}.Release|x86.Build.0 = Release|Win32
	EndGlobalSection
	GlobalSection(SolutionProperties) = preSolution
		HideSolutionNode = FALSE
	EndGlobalSection
	GlobalSection(ExtensibilityGlobals) = postSolution
		SolutionGuid = {162DB309-DE92-4046-AD58-B487E11EC705}
	EndGlobalSection
EndGlobal
